
Microsoft Visual Studio Solution File, Format Version 12.00
# Visual Studio Version 16
VisualStudioVersion = 16.0.30611.23
MinimumVisualStudioVersion = 15.0.26124.0
Project("{9A19103F-16F7-4668-BE54-9A1E7A4F7556}") = "API", "API\API.csproj", "{762EA68F-C300-4959-9EF6-A90C66A14FA0}"
EndProject
Project("{E24C65DC-7377-472B-9ABA-BC803B73C61A}") = "client", "client\", "{5A767673-069D-4363-B5C2-17DF09B774F8}"
	ProjectSection(WebsiteProperties) = preProject
		TargetFrameworkMoniker = ".NETFramework,Version%3Dv4.0"
		Debug.AspNetCompiler.VirtualPath = "/localhost_58788"
		Debug.AspNetCompiler.PhysicalPath = "client\"
		Debug.AspNetCompiler.TargetPath = "PrecompiledWeb\localhost_58788\"
		Debug.AspNetCompiler.Updateable = "true"
		Debug.AspNetCompiler.ForceOverwrite = "true"
		Debug.AspNetCompiler.FixedNames = "false"
		Debug.AspNetCompiler.Debug = "True"
		Release.AspNetCompiler.VirtualPath = "/localhost_58788"
		Release.AspNetCompiler.PhysicalPath = "client\"
		Release.AspNetCompiler.TargetPath = "PrecompiledWeb\localhost_58788\"
		Release.AspNetCompiler.Updateable = "true"
		Release.AspNetCompiler.ForceOverwrite = "true"
		Release.AspNetCompiler.FixedNames = "false"
		Release.AspNetCompiler.Debug = "False"
		VWDPort = "58788"
	EndProjectSection
EndProject
Global
	GlobalSection(SolutionConfigurationPlatforms) = preSolution
		Debug|Any CPU = Debug|Any CPU
		Debug|x64 = Debug|x64
		Debug|x86 = Debug|x86
		Release|Any CPU = Release|Any CPU
		Release|x64 = Release|x64
		Release|x86 = Release|x86
	EndGlobalSection
	GlobalSection(ProjectConfigurationPlatforms) = postSolution
		{762EA68F-C300-4959-9EF6-A90C66A14FA0}.Debug|Any CPU.ActiveCfg = Debug|Any CPU
		{762EA68F-C300-4959-9EF6-A90C66A14FA0}.Debug|Any CPU.Build.0 = Debug|Any CPU
		{762EA68F-C300-4959-9EF6-A90C66A14FA0}.Debug|x64.ActiveCfg = Debug|Any CPU
		{762EA68F-C300-4959-9EF6-A90C66A14FA0}.Debug|x64.Build.0 = Debug|Any CPU
		{762EA68F-C300-4959-9EF6-A90C66A14FA0}.Debug|x86.ActiveCfg = Debug|Any CPU
		{762EA68F-C300-4959-9EF6-A90C66A14FA0}.Debug|x86.Build.0 = Debug|Any CPU
		{762EA68F-C300-4959-9EF6-A90C66A14FA0}.Release|Any CPU.ActiveCfg = Release|Any CPU
		{762EA68F-C300-4959-9EF6-A90C66A14FA0}.Release|Any CPU.Build.0 = Release|Any CPU
		{762EA68F-C300-4959-9EF6-A90C66A14FA0}.Release|x64.ActiveCfg = Release|Any CPU
		{762EA68F-C300-4959-9EF6-A90C66A14FA0}.Release|x64.Build.0 = Release|Any CPU
		{762EA68F-C300-4959-9EF6-A90C66A14FA0}.Release|x86.ActiveCfg = Release|Any CPU
		{762EA68F-C300-4959-9EF6-A90C66A14FA0}.Release|x86.Build.0 = Release|Any CPU
		{5A767673-069D-4363-B5C2-17DF09B774F8}.Debug|Any CPU.ActiveCfg = Debug|Any CPU
		{5A767673-069D-4363-B5C2-17DF09B774F8}.Debug|Any CPU.Build.0 = Debug|Any CPU
		{5A767673-069D-4363-B5C2-17DF09B774F8}.Debug|x64.ActiveCfg = Debug|Any CPU
		{5A767673-069D-4363-B5C2-17DF09B774F8}.Debug|x64.Build.0 = Debug|Any CPU
		{5A767673-069D-4363-B5C2-17DF09B774F8}.Debug|x86.ActiveCfg = Debug|Any CPU
		{5A767673-069D-4363-B5C2-17DF09B774F8}.Debug|x86.Build.0 = Debug|Any CPU
		{5A767673-069D-4363-B5C2-17DF09B774F8}.Release|Any CPU.ActiveCfg = Debug|Any CPU
		{5A767673-069D-4363-B5C2-17DF09B774F8}.Release|Any CPU.Build.0 = Debug|Any CPU
		{5A767673-069D-4363-B5C2-17DF09B774F8}.Release|x64.ActiveCfg = Debug|Any CPU
		{5A767673-069D-4363-B5C2-17DF09B774F8}.Release|x64.Build.0 = Debug|Any CPU
		{5A767673-069D-4363-B5C2-17DF09B774F8}.Release|x86.ActiveCfg = Debug|Any CPU
		{5A767673-069D-4363-B5C2-17DF09B774F8}.Release|x86.Build.0 = Debug|Any CPU
	EndGlobalSection
	GlobalSection(SolutionProperties) = preSolution
		HideSolutionNode = FALSE
	EndGlobalSection
	GlobalSection(ExtensibilityGlobals) = postSolution
		SolutionGuid = {4408E4D8-5572-4F58-8360-9EBF84BFAC21}
	EndGlobalSection
EndGlobal
